
Microsoft Visual Studio Solution File, Format Version 12.00
# Visual Studio 2013
VisualStudioVersion = 12.0.21005.1
MinimumVisualStudioVersion = 10.0.40219.1
Project("{FAE04EC0-301F-11D3-BF4B-00C04F79EFBC}") = "tinhat", "tinhat\tinhat.csproj", "{D2282AEE-37A5-4F1D-91D7-A418CDD74CCD}"
EndProject
Project("{FAE04EC0-301F-11D3-BF4B-00C04F79EFBC}") = "WinFormsKeyboardInputPrompt", "WinFormsKeyboardInputPrompt\WinFormsKeyboardInputPrompt.csproj", "{24A9DBF2-C288-46B5-8891-C29143443E66}"
EndProject
Project("{FAE04EC0-301F-11D3-BF4B-00C04F79EFBC}") = "test (VS)", "test\test (VS).csproj", "{F5E863FB-D5AD-457F-A98D-46FDF1628C21}"
EndProject
Global
	GlobalSection(SolutionConfigurationPlatforms) = preSolution
		Debug|Any CPU = Debug|Any CPU
		Release|Any CPU = Release|Any CPU
	EndGlobalSection
	GlobalSection(ProjectConfigurationPlatforms) = postSolution
		{D2282AEE-37A5-4F1D-91D7-A418CDD74CCD}.Debug|Any CPU.ActiveCfg = Debug|Any CPU
		{D2282AEE-37A5-4F1D-91D7-A418CDD74CCD}.Debug|Any CPU.Build.0 = Debug|Any CPU
		{D2282AEE-37A5-4F1D-91D7-A418CDD74CCD}.Release|Any CPU.ActiveCfg = Release|Any CPU
		{D2282AEE-37A5-4F1D-91D7-A418CDD74CCD}.Release|Any CPU.Build.0 = Release|Any CPU
		{24A9DBF2-C288-46B5-8891-C29143443E66}.Debug|Any CPU.ActiveCfg = Debug|Any CPU
		{24A9DBF2-C288-46B5-8891-C29143443E66}.Debug|Any CPU.Build.0 = Debug|Any CPU
		{24A9DBF2-C288-46B5-8891-C29143443E66}.Release|Any CPU.ActiveCfg = Release|Any CPU
		{24A9DBF2-C288-46B5-8891-C29143443E66}.Release|Any CPU.Build.0 = Release|Any CPU
		{F5E863FB-D5AD-457F-A98D-46FDF1628C21}.Debug|Any CPU.ActiveCfg = Debug|Any CPU
		{F5E863FB-D5AD-457F-A98D-46FDF1628C21}.Debug|Any CPU.Build.0 = Debug|Any CPU
		{F5E863FB-D5AD-457F-A98D-46FDF1628C21}.Release|Any CPU.ActiveCfg = Release|Any CPU
		{F5E863FB-D5AD-457F-A98D-46FDF1628C21}.Release|Any CPU.Build.0 = Release|Any CPU
	EndGlobalSection
	GlobalSection(SolutionProperties) = preSolution
		HideSolutionNode = FALSE
	EndGlobalSection
EndGlobal
